
Microsoft Visual Studio Solution File, Format Version 12.00
# Visual Studio Version 16
VisualStudioVersion = 16.0.29521.150
MinimumVisualStudioVersion = 10.0.40219.1
Project("{9A19103F-16F7-4668-BE54-9A1E7A4F7556}") = "MemoGameBlazor", "MemoGameBlazor\MemoGameBlazor.csproj", "{F7D40D12-0508-4BD5-B610-9F7FD523DF31}"
EndProject
Global
	GlobalSection(SolutionConfigurationPlatforms) = preSolution
		Debug|Any CPU = Debug|Any CPU
		Release|Any CPU = Release|Any CPU
	EndGlobalSection
	GlobalSection(ProjectConfigurationPlatforms) = postSolution
		{F7D40D12-0508-4BD5-B610-9F7FD523DF31}.Debug|Any CPU.ActiveCfg = Debug|Any CPU
		{F7D40D12-0508-4BD5-B610-9F7FD523DF31}.Debug|Any CPU.Build.0 = Debug|Any CPU
		{F7D40D12-0508-4BD5-B610-9F7FD523DF31}.Release|Any CPU.ActiveCfg = Release|Any CPU
		{F7D40D12-0508-4BD5-B610-9F7FD523DF31}.Release|Any CPU.Build.0 = Release|Any CPU
	EndGlobalSection
	GlobalSection(SolutionProperties) = preSolution
		HideSolutionNode = FALSE
	EndGlobalSection
	GlobalSection(ExtensibilityGlobals) = postSolution
		SolutionGuid = {3AD82DAF-4E59-47A0-A5EE-10A91022FAB2}
	EndGlobalSection
EndGlobal
